
Microsoft Visual Studio Solution File, Format Version 12.00
# Visual Studio Version 16
VisualStudioVersion = 16.0.31025.194
MinimumVisualStudioVersion = 10.0.40219.1
Project("{9A19103F-16F7-4668-BE54-9A1E7A4F7556}") = "ConsoleApp1", "ConsoleApp1\ConsoleApp1.csproj", "{502AC53F-159C-41D4-A8F2-ECC113FE6A30}"
EndProject
Project("{FAE04EC0-301F-11D3-BF4B-00C04F79EFBC}") = "Students", "Students\Students.csproj", "{EEA4ACB7-479A-4280-8076-7449B5299B76}"
EndProject
Global
	GlobalSection(SolutionConfigurationPlatforms) = preSolution
		Debug|Any CPU = Debug|Any CPU
		Release|Any CPU = Release|Any CPU
	EndGlobalSection
	GlobalSection(ProjectConfigurationPlatforms) = postSolution
		{502AC53F-159C-41D4-A8F2-ECC113FE6A30}.Debug|Any CPU.ActiveCfg = Debug|Any CPU
		{502AC53F-159C-41D4-A8F2-ECC113FE6A30}.Debug|Any CPU.Build.0 = Debug|Any CPU
		{502AC53F-159C-41D4-A8F2-ECC113FE6A30}.Release|Any CPU.ActiveCfg = Release|Any CPU
		{502AC53F-159C-41D4-A8F2-ECC113FE6A30}.Release|Any CPU.Build.0 = Release|Any CPU
		{EEA4ACB7-479A-4280-8076-7449B5299B76}.Debug|Any CPU.ActiveCfg = Debug|Any CPU
		{EEA4ACB7-479A-4280-8076-7449B5299B76}.Debug|Any CPU.Build.0 = Debug|Any CPU
		{EEA4ACB7-479A-4280-8076-7449B5299B76}.Release|Any CPU.ActiveCfg = Release|Any CPU
		{EEA4ACB7-479A-4280-8076-7449B5299B76}.Release|Any CPU.Build.0 = Release|Any CPU
	EndGlobalSection
	GlobalSection(SolutionProperties) = preSolution
		HideSolutionNode = FALSE
	EndGlobalSection
	GlobalSection(ExtensibilityGlobals) = postSolution
		SolutionGuid = {CBD03EFB-2455-4684-B5DB-7439D1B780DB}
	EndGlobalSection
EndGlobal
