
Microsoft Visual Studio Solution File, Format Version 12.00
# Visual Studio Version 16
VisualStudioVersion = 16.0.30907.101
MinimumVisualStudioVersion = 10.0.40219.1
Project("{FAE04EC0-301F-11D3-BF4B-00C04F79EFBC}") = "FunTryParse", "FunTryParse\FunTryParse.csproj", "{D5FDF41A-5C01-406F-BCEC-BFB219618C58}"
EndProject
Global
	GlobalSection(SolutionConfigurationPlatforms) = preSolution
		Debug|Any CPU = Debug|Any CPU
		Release|Any CPU = Release|Any CPU
	EndGlobalSection
	GlobalSection(ProjectConfigurationPlatforms) = postSolution
		{D5FDF41A-5C01-406F-BCEC-BFB219618C58}.Debug|Any CPU.ActiveCfg = Debug|Any CPU
		{D5FDF41A-5C01-406F-BCEC-BFB219618C58}.Debug|Any CPU.Build.0 = Debug|Any CPU
		{D5FDF41A-5C01-406F-BCEC-BFB219618C58}.Release|Any CPU.ActiveCfg = Release|Any CPU
		{D5FDF41A-5C01-406F-BCEC-BFB219618C58}.Release|Any CPU.Build.0 = Release|Any CPU
	EndGlobalSection
	GlobalSection(SolutionProperties) = preSolution
		HideSolutionNode = FALSE
	EndGlobalSection
	GlobalSection(ExtensibilityGlobals) = postSolution
		SolutionGuid = {A761BAD5-80EE-43A0-8E98-33B1D588755A}
	EndGlobalSection
EndGlobal
